
Microsoft Visual Studio Solution File, Format Version 12.00
# Visual Studio 15
VisualStudioVersion = 15.0.27004.2008
MinimumVisualStudioVersion = 10.0.40219.1
Project("{9A19103F-16F7-4668-BE54-9A1E7A4F7556}") = "Segment.E2ETest", "Analytics.E2ETest\Segment.E2ETest.csproj", "{5F83BA0E-8837-448D-B712-92352C738034}"
EndProject
Global
	GlobalSection(SolutionConfigurationPlatforms) = preSolution
		Debug|Any CPU = Debug|Any CPU
		Release|Any CPU = Release|Any CPU
	EndGlobalSection
	GlobalSection(ProjectConfigurationPlatforms) = postSolution
		{5F83BA0E-8837-448D-B712-92352C738034}.Debug|Any CPU.ActiveCfg = Debug|Any CPU
		{5F83BA0E-8837-448D-B712-92352C738034}.Debug|Any CPU.Build.0 = Debug|Any CPU
		{5F83BA0E-8837-448D-B712-92352C738034}.Release|Any CPU.ActiveCfg = Release|Any CPU
		{5F83BA0E-8837-448D-B712-92352C738034}.Release|Any CPU.Build.0 = Release|Any CPU
	EndGlobalSection
	GlobalSection(SolutionProperties) = preSolution
		HideSolutionNode = FALSE
	EndGlobalSection
	GlobalSection(ExtensibilityGlobals) = postSolution
		SolutionGuid = {268BBB3D-9A3A-445C-8DBB-CA225B1480A0}
	EndGlobalSection
EndGlobal
